
Microsoft Visual Studio Solution File, Format Version 12.00
# Visual Studio Version 17
VisualStudioVersion = 17.6.33815.320
MinimumVisualStudioVersion = 10.0.40219.1
Project("{FAE04EC0-301F-11D3-BF4B-00C04F79EFBC}") = "Rock_paper_scissors", "Rock_paper_scissors\Rock_paper_scissors.csproj", "{F9050F0A-F085-4E27-BCAC-705F31D0D957}"
EndProject
Global
	GlobalSection(SolutionConfigurationPlatforms) = preSolution
		Debug|Any CPU = Debug|Any CPU
		Release|Any CPU = Release|Any CPU
	EndGlobalSection
	GlobalSection(ProjectConfigurationPlatforms) = postSolution
		{F9050F0A-F085-4E27-BCAC-705F31D0D957}.Debug|Any CPU.ActiveCfg = Debug|Any CPU
		{F9050F0A-F085-4E27-BCAC-705F31D0D957}.Debug|Any CPU.Build.0 = Debug|Any CPU
		{F9050F0A-F085-4E27-BCAC-705F31D0D957}.Release|Any CPU.ActiveCfg = Release|Any CPU
		{F9050F0A-F085-4E27-BCAC-705F31D0D957}.Release|Any CPU.Build.0 = Release|Any CPU
	EndGlobalSection
	GlobalSection(SolutionProperties) = preSolution
		HideSolutionNode = FALSE
	EndGlobalSection
	GlobalSection(ExtensibilityGlobals) = postSolution
		SolutionGuid = {070B5710-5791-492A-9C6A-10B4A723AFB6}
	EndGlobalSection
EndGlobal
